{
  "lockfileVersion": 2,
  "configVersion": 1,
  "workspaces": {
    "": {
      "name": "project-playbook",
      "devDependencies": {
        "@oh-my-pi/omptype": "18.4.4",
      },
    },
  },
  "packages": {
    "@oh-my-pi/omptype": ["@oh-my-pi/omptype@18.4.4", "", {}, "sha512-YNmFleeFAnrAABpH/EhZksq2DbOavttOw6tjdGvong94Lfv2A9jseTKg4hvu8COQf/zCdeNjZ3vCKQMVDCJr0w=="],
  }
}
